
Microsoft Visual Studio Solution File, Format Version 12.00
# Visual Studio Version 17
VisualStudioVersion = 17.0.31912.275
MinimumVisualStudioVersion = 10.0.40219.1
Project("{9A19103F-16F7-4668-BE54-9A1E7A4F7556}") = "UserAPI", "UserAPI\UserAPI.csproj", "{DDC6D211-3DFA-4DDF-B781-3C64C1492D7E}"
EndProject
Project("{E53339B2-1760-4266-BCC7-CA923CBCF16C}") = "docker-compose", "docker-compose.dcproj", "{84936B44-CF96-47BC-98BD-F1C9E5AA51F3}"
EndProject
Global
	GlobalSection(SolutionConfigurationPlatforms) = preSolution
		Debug|Any CPU = Debug|Any CPU
		Release|Any CPU = Release|Any CPU
	EndGlobalSection
	GlobalSection(ProjectConfigurationPlatforms) = postSolution
		{DDC6D211-3DFA-4DDF-B781-3C64C1492D7E}.Debug|Any CPU.ActiveCfg = Debug|Any CPU
		{DDC6D211-3DFA-4DDF-B781-3C64C1492D7E}.Debug|Any CPU.Build.0 = Debug|Any CPU
		{DDC6D211-3DFA-4DDF-B781-3C64C1492D7E}.Release|Any CPU.ActiveCfg = Release|Any CPU
		{DDC6D211-3DFA-4DDF-B781-3C64C1492D7E}.Release|Any CPU.Build.0 = Release|Any CPU
		{84936B44-CF96-47BC-98BD-F1C9E5AA51F3}.Debug|Any CPU.ActiveCfg = Debug|Any CPU
		{84936B44-CF96-47BC-98BD-F1C9E5AA51F3}.Debug|Any CPU.Build.0 = Debug|Any CPU
		{84936B44-CF96-47BC-98BD-F1C9E5AA51F3}.Release|Any CPU.ActiveCfg = Release|Any CPU
		{84936B44-CF96-47BC-98BD-F1C9E5AA51F3}.Release|Any CPU.Build.0 = Release|Any CPU
	EndGlobalSection
	GlobalSection(SolutionProperties) = preSolution
		HideSolutionNode = FALSE
	EndGlobalSection
	GlobalSection(ExtensibilityGlobals) = postSolution
		SolutionGuid = {91B9B7C5-6E68-4E27-8CDB-9817A3C3DAE4}
	EndGlobalSection
EndGlobal
